// !$*UTF8*$!
{
	archiveVersion = 1;
	classes = {
	};
	objectVersion = 51;
	objects = {

/* Begin PBXBuildFile section */
		D80255BAF228B06BBF15C76B /* Pods_MVVMRxSwift.framework in Frameworks */ = {isa = PBXBuildFile; fileRef = E2E9953DC41D414F08846E25 /* Pods_MVVMRxSwift.framework */; };
		F8A81E3525182668006C8511 /* AppDelegate.swift in Sources */ = {isa = PBXBuildFile; fileRef = F8A81E3425182668006C8511 /* AppDelegate.swift */; };
		F8A81E3725182668006C8511 /* SceneDelegate.swift in Sources */ = {isa = PBXBuildFile; fileRef = F8A81E3625182668006C8511 /* SceneDelegate.swift */; };
		F8A81E3925182668006C8511 /* ViewController.swift in Sources */ = {isa = PBXBuildFile; fileRef = F8A81E3825182668006C8511 /* ViewController.swift */; };
		F8A81E3C25182668006C8511 /* Main.storyboard in Resources */ = {isa = PBXBuildFile; fileRef = F8A81E3A25182668006C8511 /* Main.storyboard */; };
		F8A81E3E2518266A006C8511 /* Assets.xcassets in Resources */ = {isa = PBXBuildFile; fileRef = F8A81E3D2518266A006C8511 /* Assets.xcassets */; };
		F8A81E412518266A006C8511 /* LaunchScreen.storyboard in Resources */ = {isa = PBXBuildFile; fileRef = F8A81E3F2518266A006C8511 /* LaunchScreen.storyboard */; };
		F8A81E49251828CF006C8511 /* AppCoordinator.swift in Sources */ = {isa = PBXBuildFile; fileRef = F8A81E48251828CF006C8511 /* AppCoordinator.swift */; };
		F8A81E4B25182D25006C8511 /* restaurants.json in Resources */ = {isa = PBXBuildFile; fileRef = F8A81E4A25182D25006C8511 /* restaurants.json */; };
		F8A81E4D25184715006C8511 /* Restaurant.swift in Sources */ = {isa = PBXBuildFile; fileRef = F8A81E4C25184715006C8511 /* Restaurant.swift */; };
		F8A81E4F2518485B006C8511 /* RestaurantService.swift in Sources */ = {isa = PBXBuildFile; fileRef = F8A81E4E2518485B006C8511 /* RestaurantService.swift */; };
		F8A81E512518DC4E006C8511 /* RestaurantsListViewModel.swift in Sources */ = {isa = PBXBuildFile; fileRef = F8A81E502518DC4E006C8511 /* RestaurantsListViewModel.swift */; };
		F8A81E532518DE9E006C8511 /* RestaurantViewModel.swift in Sources */ = {isa = PBXBuildFile; fileRef = F8A81E522518DE9E006C8511 /* RestaurantViewModel.swift */; };
/* End PBXBuildFile section */

/* Begin PBXFileReference section */
		CBA89EC007C8CFC92DB0CD13 /* Pods-MVVMRxSwift.debug.xcconfig */ = {isa = PBXFileReference; includeInIndex = 1; lastKnownFileType = text.xcconfig; name = "Pods-MVVMRxSwift.debug.xcconfig"; path = "Target Support Files/Pods-MVVMRxSwift/Pods-MVVMRxSwift.debug.xcconfig"; sourceTree = "<group>"; };
		E2E9953DC41D414F08846E25 /* Pods_MVVMRxSwift.framework */ = {isa = PBXFileReference; explicitFileType = wrapper.framework; includeInIndex = 0; path = Pods_MVVMRxSwift.framework; sourceTree = BUILT_PRODUCTS_DIR; };
		F06804CEF611FBBDACB28252 /* Pods-MVVMRxSwift.release.xcconfig */ = {isa = PBXFileReference; includeInIndex = 1; lastKnownFileType = text.xcconfig; name = "Pods-MVVMRxSwift.release.xcconfig"; path = "Target Support Files/Pods-MVVMRxSwift/Pods-MVVMRxSwift.release.xcconfig"; sourceTree = "<group>"; };
		F8A81E3125182668006C8511 /* MVVMRxSwift.app */ = {isa = PBXFileReference; explicitFileType = wrapper.application; includeInIndex = 0; path = MVVMRxSwift.app; sourceTree = BUILT_PRODUCTS_DIR; };
		F8A81E3425182668006C8511 /* AppDelegate.swift */ = {isa = PBXFileReference; lastKnownFileType = sourcecode.swift; path = AppDelegate.swift; sourceTree = "<group>"; };
		F8A81E3625182668006C8511 /* SceneDelegate.swift */ = {isa = PBXFileReference; lastKnownFileType = sourcecode.swift; path = SceneDelegate.swift; sourceTree = "<group>"; };
		F8A81E3825182668006C8511 /* ViewController.swift */ = {isa = PBXFileReference; lastKnownFileType = sourcecode.swift; path = ViewController.swift; sourceTree = "<group>"; };
		F8A81E3B25182668006C8511 /* Base */ = {isa = PBXFileReference; lastKnownFileType = file.storyboard; name = Base; path = Base.lproj/Main.storyboard; sourceTree = "<group>"; };
		F8A81E3D2518266A006C8511 /* Assets.xcassets */ = {isa = PBXFileReference; lastKnownFileType = folder.assetcatalog; path = Assets.xcassets; sourceTree = "<group>"; };
		F8A81E402518266A006C8511 /* Base */ = {isa = PBXFileReference; lastKnownFileType = file.storyboard; name = Base; path = Base.lproj/LaunchScreen.storyboard; sourceTree = "<group>"; };
		F8A81E422518266A006C8511 /* Info.plist */ = {isa = PBXFileReference; lastKnownFileType = text.plist.xml; path = Info.plist; sourceTree = "<group>"; };
		F8A81E48251828CF006C8511 /* AppCoordinator.swift */ = {isa = PBXFileReference; lastKnownFileType = sourcecode.swift; path = AppCoordinator.swift; sourceTree = "<group>"; };
		F8A81E4A25182D25006C8511 /* restaurants.json */ = {isa = PBXFileReference; lastKnownFileType = text.json; path = restaurants.json; sourceTree = "<group>"; };
		F8A81E4C25184715006C8511 /* Restaurant.swift */ = {isa = PBXFileReference; lastKnownFileType = sourcecode.swift; path = Restaurant.swift; sourceTree = "<group>"; };
		F8A81E4E2518485B006C8511 /* RestaurantService.swift */ = {isa = PBXFileReference; lastKnownFileType = sourcecode.swift; path = RestaurantService.swift; sourceTree = "<group>"; };
		F8A81E502518DC4E006C8511 /* RestaurantsListViewModel.swift */ = {isa = PBXFileReference; lastKnownFileType = sourcecode.swift; path = RestaurantsListViewModel.swift; sourceTree = "<group>"; };
		F8A81E522518DE9E006C8511 /* RestaurantViewModel.swift */ = {isa = PBXFileReference; lastKnownFileType = sourcecode.swift; path = RestaurantViewModel.swift; sourceTree = "<group>"; };
/* End PBXFileReference section */

/* Begin PBXFrameworksBuildPhase section */
		F8A81E2E25182668006C8511 /* Frameworks */ = {
			isa = PBXFrameworksBuildPhase;
			buildActionMask = 2147483647;
			files = (
				D80255BAF228B06BBF15C76B /* Pods_MVVMRxSwift.framework in Frameworks */,
			);
			runOnlyForDeploymentPostprocessing = 0;
		};
/* End PBXFrameworksBuildPhase section */

/* Begin PBXGroup section */
		75EFE0E7C47CF198B6E25473 /* Pods */ = {
			isa = PBXGroup;
			children = (
				CBA89EC007C8CFC92DB0CD13 /* Pods-MVVMRxSwift.debug.xcconfig */,
				F06804CEF611FBBDACB28252 /* Pods-MVVMRxSwift.release.xcconfig */,
			);
			path = Pods;
			sourceTree = "<group>";
		};
		F1AC9907335EBCD9FC2FC3B4 /* Frameworks */ = {
			isa = PBXGroup;
			children = (
				E2E9953DC41D414F08846E25 /* Pods_MVVMRxSwift.framework */,
			);
			name = Frameworks;
			sourceTree = "<group>";
		};
		F8A81E2825182668006C8511 = {
			isa = PBXGroup;
			children = (
				F8A81E3325182668006C8511 /* MVVMRxSwift */,
				F8A81E3225182668006C8511 /* Products */,
				75EFE0E7C47CF198B6E25473 /* Pods */,
				F1AC9907335EBCD9FC2FC3B4 /* Frameworks */,
			);
			sourceTree = "<group>";
		};
		F8A81E3225182668006C8511 /* Products */ = {
			isa = PBXGroup;
			children = (
				F8A81E3125182668006C8511 /* MVVMRxSwift.app */,
			);
			name = Products;
			sourceTree = "<group>";
		};
		F8A81E3325182668006C8511 /* MVVMRxSwift */ = {
			isa = PBXGroup;
			children = (
				F8A81E3425182668006C8511 /* AppDelegate.swift */,
				F8A81E3625182668006C8511 /* SceneDelegate.swift */,
				F8A81E3825182668006C8511 /* ViewController.swift */,
				F8A81E3A25182668006C8511 /* Main.storyboard */,
				F8A81E3D2518266A006C8511 /* Assets.xcassets */,
				F8A81E3F2518266A006C8511 /* LaunchScreen.storyboard */,
				F8A81E422518266A006C8511 /* Info.plist */,
				F8A81E48251828CF006C8511 /* AppCoordinator.swift */,
				F8A81E4A25182D25006C8511 /* restaurants.json */,
				F8A81E4C25184715006C8511 /* Restaurant.swift */,
				F8A81E4E2518485B006C8511 /* RestaurantService.swift */,
				F8A81E502518DC4E006C8511 /* RestaurantsListViewModel.swift */,
				F8A81E522518DE9E006C8511 /* RestaurantViewModel.swift */,
			);
			path = MVVMRxSwift;
			sourceTree = "<group>";
		};
/* End PBXGroup section */

/* Begin PBXNativeTarget section */
		F8A81E3025182668006C8511 /* MVVMRxSwift */ = {
			isa = PBXNativeTarget;
			buildConfigurationList = F8A81E452518266A006C8511 /* Build configuration list for PBXNativeTarget "MVVMRxSwift" */;
			buildPhases = (
				C1CBF713C0F9DAAA5DC5FECE /* [CP] Check Pods Manifest.lock */,
				F8A81E2D25182668006C8511 /* Sources */,
				F8A81E2E25182668006C8511 /* Frameworks */,
				F8A81E2F25182668006C8511 /* Resources */,
				367A93E2D4E52201584BCED8 /* [CP] Embed Pods Frameworks */,
			);
			buildRules = (
			);
			dependencies = (
			);
			name = MVVMRxSwift;
			productName = MVVMRxSwift;
			productReference = F8A81E3125182668006C8511 /* MVVMRxSwift.app */;
			productType = "com.apple.product-type.application";
		};
/* End PBXNativeTarget section */

/* Begin PBXProject section */
		F8A81E2925182668006C8511 /* Project object */ = {
			isa = PBXProject;
			attributes = {
				LastSwiftUpdateCheck = 1200;
				LastUpgradeCheck = 1200;
				TargetAttributes = {
					F8A81E3025182668006C8511 = {
						CreatedOnToolsVersion = 12.0;
					};
				};
			};
			buildConfigurationList = F8A81E2C25182668006C8511 /* Build configuration list for PBXProject "MVVMRxSwift" */;
			compatibilityVersion = "Xcode 9.3";
			developmentRegion = en;
			hasScannedForEncodings = 0;
			knownRegions = (
				en,
				Base,
			);
			mainGroup = F8A81E2825182668006C8511;
			productRefGroup = F8A81E3225182668006C8511 /* Products */;
			projectDirPath = "";
			projectRoot = "";
			targets = (
				F8A81E3025182668006C8511 /* MVVMRxSwift */,
			);
		};
/* End PBXProject section */

/* Begin PBXResourcesBuildPhase section */
		F8A81E2F25182668006C8511 /* Resources */ = {
			isa = PBXResourcesBuildPhase;
			buildActionMask = 2147483647;
			files = (
				F8A81E4B25182D25006C8511 /* restaurants.json in Resources */,
				F8A81E412518266A006C8511 /* LaunchScreen.storyboard in Resources */,
				F8A81E3E2518266A006C8511 /* Assets.xcassets in Resources */,
				F8A81E3C25182668006C8511 /* Main.storyboard in Resources */,
			);
			runOnlyForDeploymentPostprocessing = 0;
		};
/* End PBXResourcesBuildPhase section */

/* Begin PBXShellScriptBuildPhase section */
		367A93E2D4E52201584BCED8 /* [CP] Embed Pods Frameworks */ = {
			isa = PBXShellScriptBuildPhase;
			buildActionMask = 2147483647;
			files = (
			);
			inputFileListPaths = (
				"${PODS_ROOT}/Target Support Files/Pods-MVVMRxSwift/Pods-MVVMRxSwift-frameworks-${CONFIGURATION}-input-files.xcfilelist",
			);
			name = "[CP] Embed Pods Frameworks";
			outputFileListPaths = (
				"${PODS_ROOT}/Target Support Files/Pods-MVVMRxSwift/Pods-MVVMRxSwift-frameworks-${CONFIGURATION}-output-files.xcfilelist",
			);
			runOnlyForDeploymentPostprocessing = 0;
			shellPath = /bin/sh;
			shellScript = "\"${PODS_ROOT}/Target Support Files/Pods-MVVMRxSwift/Pods-MVVMRxSwift-frameworks.sh\"\n";
			showEnvVarsInLog = 0;
		};
		C1CBF713C0F9DAAA5DC5FECE /* [CP] Check Pods Manifest.lock */ = {
			isa = PBXShellScriptBuildPhase;
			buildActionMask = 2147483647;
			files = (
			);
			inputFileListPaths = (
			);
			inputPaths = (
				"${PODS_PODFILE_DIR_PATH}/Podfile.lock",
				"${PODS_ROOT}/Manifest.lock",
			);
			name = "[CP] Check Pods Manifest.lock";
			outputFileListPaths = (
			);
			outputPaths = (
				"$(DERIVED_FILE_DIR)/Pods-MVVMRxSwift-checkManifestLockResult.txt",
			);
			runOnlyForDeploymentPostprocessing = 0;
			shellPath = /bin/sh;
			shellScript = "diff \"${PODS_PODFILE_DIR_PATH}/Podfile.lock\" \"${PODS_ROOT}/Manifest.lock\" > /dev/null\nif [ $? != 0 ] ; then\n    # print error to STDERR\n    echo \"error: The sandbox is not in sync with the Podfile.lock. Run 'pod install' or update your CocoaPods installation.\" >&2\n    exit 1\nfi\n# This output is used by Xcode 'outputs' to avoid re-running this script phase.\necho \"SUCCESS\" > \"${SCRIPT_OUTPUT_FILE_0}\"\n";
			showEnvVarsInLog = 0;
		};
/* End PBXShellScriptBuildPhase section */

/* Begin PBXSourcesBuildPhase section */
		F8A81E2D25182668006C8511 /* Sources */ = {
			isa = PBXSourcesBuildPhase;
			buildActionMask = 2147483647;
			files = (
				F8A81E4D25184715006C8511 /* Restaurant.swift in Sources */,
				F8A81E532518DE9E006C8511 /* RestaurantViewModel.swift in Sources */,
				F8A81E49251828CF006C8511 /* AppCoordinator.swift in Sources */,
				F8A81E3925182668006C8511 /* ViewController.swift in Sources */,
				F8A81E3525182668006C8511 /* AppDelegate.swift in Sources */,
				F8A81E4F2518485B006C8511 /* RestaurantService.swift in Sources */,
				F8A81E512518DC4E006C8511 /* RestaurantsListViewModel.swift in Sources */,
				F8A81E3725182668006C8511 /* SceneDelegate.swift in Sources */,
			);
			runOnlyForDeploymentPostprocessing = 0;
		};
/* End PBXSourcesBuildPhase section */

/* Begin PBXVariantGroup section */
		F8A81E3A25182668006C8511 /* Main.storyboard */ = {
			isa = PBXVariantGroup;
			children = (
				F8A81E3B25182668006C8511 /* Base */,
			);
			name = Main.storyboard;
			sourceTree = "<group>";
		};
		F8A81E3F2518266A006C8511 /* LaunchScreen.storyboard */ = {
			isa = PBXVariantGroup;
			children = (
				F8A81E402518266A006C8511 /* Base */,
			);
			name = LaunchScreen.storyboard;
			sourceTree = "<group>";
		};
/* End PBXVariantGroup section */

/* Begin XCBuildConfiguration section */
		F8A81E432518266A006C8511 /* Debug */ = {
			isa = XCBuildConfiguration;
			buildSettings = {
				ALWAYS_SEARCH_USER_PATHS = NO;
				CLANG_ANALYZER_NONNULL = YES;
				CLANG_ANALYZER_NUMBER_OBJECT_CONVERSION = YES_AGGRESSIVE;
				CLANG_CXX_LANGUAGE_STANDARD = "gnu++14";
				CLANG_CXX_LIBRARY = "libc++";
				CLANG_ENABLE_MODULES = YES;
				CLANG_ENABLE_OBJC_ARC = YES;
				CLANG_ENABLE_OBJC_WEAK = YES;
				CLANG_WARN_BLOCK_CAPTURE_AUTORELEASING = YES;
				CLANG_WARN_BOOL_CONVERSION = YES;
				CLANG_WARN_COMMA = YES;
				CLANG_WARN_CONSTANT_CONVERSION = YES;
				CLANG_WARN_DEPRECATED_OBJC_IMPLEMENTATIONS = YES;
				CLANG_WARN_DIRECT_OBJC_ISA_USAGE = YES_ERROR;
				CLANG_WARN_DOCUMENTATION_COMMENTS = YES;
				CLANG_WARN_EMPTY_BODY = YES;
				CLANG_WARN_ENUM_CONVERSION = YES;
				CLANG_WARN_INFINITE_RECURSION = YES;
				CLANG_WARN_INT_CONVERSION = YES;
				CLANG_WARN_NON_LITERAL_NULL_CONVERSION = YES;
				CLANG_WARN_OBJC_IMPLICIT_RETAIN_SELF = YES;
				CLANG_WARN_OBJC_LITERAL_CONVERSION = YES;
				CLANG_WARN_OBJC_ROOT_CLASS = YES_ERROR;
				CLANG_WARN_QUOTED_INCLUDE_IN_FRAMEWORK_HEADER = YES;
				CLANG_WARN_RANGE_LOOP_ANALYSIS = YES;
				CLANG_WARN_STRICT_PROTOTYPES = YES;
				CLANG_WARN_SUSPICIOUS_MOVE = YES;
				CLANG_WARN_UNGUARDED_AVAILABILITY = YES_AGGRESSIVE;
				CLANG_WARN_UNREACHABLE_CODE = YES;
				CLANG_WARN__DUPLICATE_METHOD_MATCH = YES;
				COPY_PHASE_STRIP = NO;
				DEBUG_INFORMATION_FORMAT = dwarf;
				ENABLE_STRICT_OBJC_MSGSEND = YES;
				ENABLE_TESTABILITY = YES;
				GCC_C_LANGUAGE_STANDARD = gnu11;
				GCC_DYNAMIC_NO_PIC = NO;
				GCC_NO_COMMON_BLOCKS = YES;
				GCC_OPTIMIZATION_LEVEL = 0;
				GCC_PREPROCESSOR_DEFINITIONS = (
					"DEBUG=1",
					"$(inherited)",
				);
				GCC_WARN_64_TO_32_BIT_CONVERSION = YES;
				GCC_WARN_ABOUT_RETURN_TYPE = YES_ERROR;
				GCC_WARN_UNDECLARED_SELECTOR = YES;
				GCC_WARN_UNINITIALIZED_AUTOS = YES_AGGRESSIVE;
				GCC_WARN_UNUSED_FUNCTION = YES;
				GCC_WARN_UNUSED_VARIABLE = YES;
				IPHONEOS_DEPLOYMENT_TARGET = 14.0;
				MTL_ENABLE_DEBUG_INFO = INCLUDE_SOURCE;
				MTL_FAST_MATH = YES;
				ONLY_ACTIVE_ARCH = YES;
				SDKROOT = iphoneos;
				SWIFT_ACTIVE_COMPILATION_CONDITIONS = DEBUG;
				SWIFT_OPTIMIZATION_LEVEL = "-Onone";
			};
			name = Debug;
		};
		F8A81E442518266A006C8511 /* Release */ = {
			isa = XCBuildConfiguration;
			buildSettings = {
				ALWAYS_SEARCH_USER_PATHS = NO;
				CLANG_ANALYZER_NONNULL = YES;
				CLANG_ANALYZER_NUMBER_OBJECT_CONVERSION = YES_AGGRESSIVE;
				CLANG_CXX_LANGUAGE_STANDARD = "gnu++14";
				CLANG_CXX_LIBRARY = "libc++";
				CLANG_ENABLE_MODULES = YES;
				CLANG_ENABLE_OBJC_ARC = YES;
				CLANG_ENABLE_OBJC_WEAK = YES;
				CLANG_WARN_BLOCK_CAPTURE_AUTORELEASING = YES;
				CLANG_WARN_BOOL_CONVERSION = YES;
				CLANG_WARN_COMMA = YES;
				CLANG_WARN_CONSTANT_CONVERSION = YES;
				CLANG_WARN_DEPRECATED_OBJC_IMPLEMENTATIONS = YES;
				CLANG_WARN_DIRECT_OBJC_ISA_USAGE = YES_ERROR;
				CLANG_WARN_DOCUMENTATION_COMMENTS = YES;
				CLANG_WARN_EMPTY_BODY = YES;
				CLANG_WARN_ENUM_CONVERSION = YES;
				CLANG_WARN_INFINITE_RECURSION = YES;
				CLANG_WARN_INT_CONVERSION = YES;
				CLANG_WARN_NON_LITERAL_NULL_CONVERSION = YES;
				CLANG_WARN_OBJC_IMPLICIT_RETAIN_SELF = YES;
				CLANG_WARN_OBJC_LITERAL_CONVERSION = YES;
				CLANG_WARN_OBJC_ROOT_CLASS = YES_ERROR;
				CLANG_WARN_QUOTED_INCLUDE_IN_FRAMEWORK_HEADER = YES;
				CLANG_WARN_RANGE_LOOP_ANALYSIS = YES;
				CLANG_WARN_STRICT_PROTOTYPES = YES;
				CLANG_WARN_SUSPICIOUS_MOVE = YES;
				CLANG_WARN_UNGUARDED_AVAILABILITY = YES_AGGRESSIVE;
				CLANG_WARN_UNREACHABLE_CODE = YES;
				CLANG_WARN__DUPLICATE_METHOD_MATCH = YES;
				COPY_PHASE_STRIP = NO;
				DEBUG_INFORMATION_FORMAT = "dwarf-with-dsym";
				ENABLE_NS_ASSERTIONS = NO;
				ENABLE_STRICT_OBJC_MSGSEND = YES;
				GCC_C_LANGUAGE_STANDARD = gnu11;
				GCC_NO_COMMON_BLOCKS = YES;
				GCC_WARN_64_TO_32_BIT_CONVERSION = YES;
				GCC_WARN_ABOUT_RETURN_TYPE = YES_ERROR;
				GCC_WARN_UNDECLARED_SELECTOR = YES;
				GCC_WARN_UNINITIALIZED_AUTOS = YES_AGGRESSIVE;
				GCC_WARN_UNUSED_FUNCTION = YES;
				GCC_WARN_UNUSED_VARIABLE = YES;
				IPHONEOS_DEPLOYMENT_TARGET = 14.0;
				MTL_ENABLE_DEBUG_INFO = NO;
				MTL_FAST_MATH = YES;
				SDKROOT = iphoneos;
				SWIFT_COMPILATION_MODE = wholemodule;
				SWIFT_OPTIMIZATION_LEVEL = "-O";
				VALIDATE_PRODUCT = YES;
			};
			name = Release;
		};
		F8A81E462518266A006C8511 /* Debug */ = {
			isa = XCBuildConfiguration;
			baseConfigurationReference = CBA89EC007C8CFC92DB0CD13 /* Pods-MVVMRxSwift.debug.xcconfig */;
			buildSettings = {
				ASSETCATALOG_COMPILER_APPICON_NAME = AppIcon;
				ASSETCATALOG_COMPILER_GLOBAL_ACCENT_COLOR_NAME = AccentColor;
				CODE_SIGN_STYLE = Automatic;
				INFOPLIST_FILE = MVVMRxSwift/Info.plist;
				LD_RUNPATH_SEARCH_PATHS = (
					"$(inherited)",
					"@executable_path/Frameworks",
				);
				PRODUCT_BUNDLE_IDENTIFIER = com.raul.MVVMRxSwift;
				PRODUCT_NAME = "$(TARGET_NAME)";
				SWIFT_VERSION = 5.0;
				TARGETED_DEVICE_FAMILY = "1,2";
			};
			name = Debug;
		};
		F8A81E472518266A006C8511 /* Release */ = {
			isa = XCBuildConfiguration;
			baseConfigurationReference = F06804CEF611FBBDACB28252 /* Pods-MVVMRxSwift.release.xcconfig */;
			buildSettings = {
				ASSETCATALOG_COMPILER_APPICON_NAME = AppIcon;
				ASSETCATALOG_COMPILER_GLOBAL_ACCENT_COLOR_NAME = AccentColor;
				CODE_SIGN_STYLE = Automatic;
				INFOPLIST_FILE = MVVMRxSwift/Info.plist;
				LD_RUNPATH_SEARCH_PATHS = (
					"$(inherited)",
					"@executable_path/Frameworks",
				);
				PRODUCT_BUNDLE_IDENTIFIER = com.raul.MVVMRxSwift;
				PRODUCT_NAME = "$(TARGET_NAME)";
				SWIFT_VERSION = 5.0;
				TARGETED_DEVICE_FAMILY = "1,2";
			};
			name = Release;
		};
/* End XCBuildConfiguration section */

/* Begin XCConfigurationList section */
		F8A81E2C25182668006C8511 /* Build configuration list for PBXProject "MVVMRxSwift" */ = {
			isa = XCConfigurationList;
			buildConfigurations = (
				F8A81E432518266A006C8511 /* Debug */,
				F8A81E442518266A006C8511 /* Release */,
			);
			defaultConfigurationIsVisible = 0;
			defaultConfigurationName = Release;
		};
		F8A81E452518266A006C8511 /* Build configuration list for PBXNativeTarget "MVVMRxSwift" */ = {
			isa = XCConfigurationList;
			buildConfigurations = (
				F8A81E462518266A006C8511 /* Debug */,
				F8A81E472518266A006C8511 /* Release */,
			);
			defaultConfigurationIsVisible = 0;
			defaultConfigurationName = Release;
		};
/* End XCConfigurationList section */
	};
	rootObject = F8A81E2925182668006C8511 /* Project object */;
}
